
Microsoft Visual Studio Solution File, Format Version 12.00
# Visual Studio Version 17
VisualStudioVersion = 17.0.32014.148
MinimumVisualStudioVersion = 10.0.40219.1
Project("{8BC9CEB8-8B4A-11D0-8D11-00A0C91BC942}") = "Project1IntroductionOOP", "Project1IntroductionOOP\Project1IntroductionOOP.vcxproj", "{3EC91A4F-90B2-4A2A-A70B-165D380552F8}"
EndProject
Project("{8BC9CEB8-8B4A-11D0-8D11-00A0C91BC942}") = "Project2Fraction", "Project3Fraction\Project3Fraction.vcxproj", "{7A6DB75C-DCC9-4624-990C-C7FF50FC4410}"
EndProject
Project("{8BC9CEB8-8B4A-11D0-8D11-00A0C91BC942}") = "Project5Inheritance1Academy", "Project5Inheritance1Academy\Project5Inheritance1Academy.vcxproj", "{926D7497-A824-4639-BEAB-FADC5AEE5036}"
EndProject
Project("{8BC9CEB8-8B4A-11D0-8D11-00A0C91BC942}") = "Project5Inheritance2Files", "Project5Inheritance2Files\Project5Inheritance2Files.vcxproj", "{7992224C-8886-46A4-965A-3887CC7598BC}"
EndProject
Project("{8BC9CEB8-8B4A-11D0-8D11-00A0C91BC942}") = "Project6AbstractBaseClass", "Project6AbstractBaseClass\Project6AbstractBaseClass.vcxproj", "{FCEF0C5F-2708-4DBF-BB9A-7C00CB865BE4}"
EndProject
Project("{8BC9CEB8-8B4A-11D0-8D11-00A0C91BC942}") = "Project6z1AbstractGeometry", "Project6z1AbstractGeometry\Project6z1AbstractGeometry.vcxproj", "{D73299E4-9D3E-4220-8AB7-079F71AEACA2}"
EndProject
Project("{8BC9CEB8-8B4A-11D0-8D11-00A0C91BC942}") = "Project3String", "Project3String\Project3String.vcxproj", "{0821ADFE-43C1-4620-AA46-3727080C4E3E}"
EndProject
Project("{8BC9CEB8-8B4A-11D0-8D11-00A0C91BC942}") = "Project4.1Matrix", "Project4.1Matrix\Project4.1Matrix.vcxproj", "{0320FA22-237A-4BFB-B3C1-E62F866279DF}"
EndProject
Project("{8BC9CEB8-8B4A-11D0-8D11-00A0C91BC942}") = "Project6z2Threads", "Project6z2Threads\Project6z2Threads.vcxproj", "{26830BC9-5751-430F-8CF3-E366D7171DB7}"
EndProject
Project("{8BC9CEB8-8B4A-11D0-8D11-00A0C91BC942}") = "Project5z3Department", "Project5z3Department\Project5z3Department.vcxproj", "{022B7D63-3ED1-41A6-A7AC-5131A9B1122A}"
EndProject
Global
	GlobalSection(SolutionConfigurationPlatforms) = preSolution
		Debug|x64 = Debug|x64
		Debug|x86 = Debug|x86
		Release|x64 = Release|x64
		Release|x86 = Release|x86
	EndGlobalSection
	GlobalSection(ProjectConfigurationPlatforms) = postSolution
		{3EC91A4F-90B2-4A2A-A70B-165D380552F8}.Debug|x64.ActiveCfg = Debug|x64
		{3EC91A4F-90B2-4A2A-A70B-165D380552F8}.Debug|x64.Build.0 = Debug|x64
		{3EC91A4F-90B2-4A2A-A70B-165D380552F8}.Debug|x86.ActiveCfg = Debug|Win32
		{3EC91A4F-90B2-4A2A-A70B-165D380552F8}.Debug|x86.Build.0 = Debug|Win32
		{3EC91A4F-90B2-4A2A-A70B-165D380552F8}.Release|x64.ActiveCfg = Release|x64
		{3EC91A4F-90B2-4A2A-A70B-165D380552F8}.Release|x64.Build.0 = Release|x64
		{3EC91A4F-90B2-4A2A-A70B-165D380552F8}.Release|x86.ActiveCfg = Release|Win32
		{3EC91A4F-90B2-4A2A-A70B-165D380552F8}.Release|x86.Build.0 = Release|Win32
		{7A6DB75C-DCC9-4624-990C-C7FF50FC4410}.Debug|x64.ActiveCfg = Debug|x64
		{7A6DB75C-DCC9-4624-990C-C7FF50FC4410}.Debug|x64.Build.0 = Debug|x64
		{7A6DB75C-DCC9-4624-990C-C7FF50FC4410}.Debug|x86.ActiveCfg = Debug|Win32
		{7A6DB75C-DCC9-4624-990C-C7FF50FC4410}.Debug|x86.Build.0 = Debug|Win32
		{7A6DB75C-DCC9-4624-990C-C7FF50FC4410}.Release|x64.ActiveCfg = Release|x64
		{7A6DB75C-DCC9-4624-990C-C7FF50FC4410}.Release|x64.Build.0 = Release|x64
		{7A6DB75C-DCC9-4624-990C-C7FF50FC4410}.Release|x86.ActiveCfg = Release|Win32
		{7A6DB75C-DCC9-4624-990C-C7FF50FC4410}.Release|x86.Build.0 = Release|Win32
		{926D7497-A824-4639-BEAB-FADC5AEE5036}.Debug|x64.ActiveCfg = Debug|x64
		{926D7497-A824-4639-BEAB-FADC5AEE5036}.Debug|x64.Build.0 = Debug|x64
		{926D7497-A824-4639-BEAB-FADC5AEE5036}.Debug|x86.ActiveCfg = Debug|Win32
		{926D7497-A824-4639-BEAB-FADC5AEE5036}.Debug|x86.Build.0 = Debug|Win32
		{926D7497-A824-4639-BEAB-FADC5AEE5036}.Release|x64.ActiveCfg = Release|x64
		{926D7497-A824-4639-BEAB-FADC5AEE5036}.Release|x64.Build.0 = Release|x64
		{926D7497-A824-4639-BEAB-FADC5AEE5036}.Release|x86.ActiveCfg = Release|Win32
		{926D7497-A824-4639-BEAB-FADC5AEE5036}.Release|x86.Build.0 = Release|Win32
		{7992224C-8886-46A4-965A-3887CC7598BC}.Debug|x64.ActiveCfg = Debug|x64
		{7992224C-8886-46A4-965A-3887CC7598BC}.Debug|x64.Build.0 = Debug|x64
		{7992224C-8886-46A4-965A-3887CC7598BC}.Debug|x86.ActiveCfg = Debug|Win32
		{7992224C-8886-46A4-965A-3887CC7598BC}.Debug|x86.Build.0 = Debug|Win32
		{7992224C-8886-46A4-965A-3887CC7598BC}.Release|x64.ActiveCfg = Release|x64
		{7992224C-8886-46A4-965A-3887CC7598BC}.Release|x64.Build.0 = Release|x64
		{7992224C-8886-46A4-965A-3887CC7598BC}.Release|x86.ActiveCfg = Release|Win32
		{7992224C-8886-46A4-965A-3887CC7598BC}.Release|x86.Build.0 = Release|Win32
		{FCEF0C5F-2708-4DBF-BB9A-7C00CB865BE4}.Debug|x64.ActiveCfg = Debug|x64
		{FCEF0C5F-2708-4DBF-BB9A-7C00CB865BE4}.Debug|x64.Build.0 = Debug|x64
		{FCEF0C5F-2708-4DBF-BB9A-7C00CB865BE4}.Debug|x86.ActiveCfg = Debug|Win32
		{FCEF0C5F-2708-4DBF-BB9A-7C00CB865BE4}.Debug|x86.Build.0 = Debug|Win32
		{FCEF0C5F-2708-4DBF-BB9A-7C00CB865BE4}.Release|x64.ActiveCfg = Release|x64
		{FCEF0C5F-2708-4DBF-BB9A-7C00CB865BE4}.Release|x64.Build.0 = Release|x64
		{FCEF0C5F-2708-4DBF-BB9A-7C00CB865BE4}.Release|x86.ActiveCfg = Release|Win32
		{FCEF0C5F-2708-4DBF-BB9A-7C00CB865BE4}.Release|x86.Build.0 = Release|Win32
		{D73299E4-9D3E-4220-8AB7-079F71AEACA2}.Debug|x64.ActiveCfg = Debug|x64
		{D73299E4-9D3E-4220-8AB7-079F71AEACA2}.Debug|x64.Build.0 = Debug|x64
		{D73299E4-9D3E-4220-8AB7-079F71AEACA2}.Debug|x86.ActiveCfg = Debug|Win32
		{D73299E4-9D3E-4220-8AB7-079F71AEACA2}.Debug|x86.Build.0 = Debug|Win32
		{D73299E4-9D3E-4220-8AB7-079F71AEACA2}.Release|x64.ActiveCfg = Release|x64
		{D73299E4-9D3E-4220-8AB7-079F71AEACA2}.Release|x64.Build.0 = Release|x64
		{D73299E4-9D3E-4220-8AB7-079F71AEACA2}.Release|x86.ActiveCfg = Release|Win32
		{D73299E4-9D3E-4220-8AB7-079F71AEACA2}.Release|x86.Build.0 = Release|Win32
		{0821ADFE-43C1-4620-AA46-3727080C4E3E}.Debug|x64.ActiveCfg = Debug|x64
		{0821ADFE-43C1-4620-AA46-3727080C4E3E}.Debug|x64.Build.0 = Debug|x64
		{0821ADFE-43C1-4620-AA46-3727080C4E3E}.Debug|x86.ActiveCfg = Debug|Win32
		{0821ADFE-43C1-4620-AA46-3727080C4E3E}.Debug|x86.Build.0 = Debug|Win32
		{0821ADFE-43C1-4620-AA46-3727080C4E3E}.Release|x64.ActiveCfg = Release|x64
		{0821ADFE-43C1-4620-AA46-3727080C4E3E}.Release|x64.Build.0 = Release|x64
		{0821ADFE-43C1-4620-AA46-3727080C4E3E}.Release|x86.ActiveCfg = Release|Win32
		{0821ADFE-43C1-4620-AA46-3727080C4E3E}.Release|x86.Build.0 = Release|Win32
		{0320FA22-237A-4BFB-B3C1-E62F866279DF}.Debug|x64.ActiveCfg = Debug|x64
		{0320FA22-237A-4BFB-B3C1-E62F866279DF}.Debug|x64.Build.0 = Debug|x64
		{0320FA22-237A-4BFB-B3C1-E62F866279DF}.Debug|x86.ActiveCfg = Debug|Win32
		{0320FA22-237A-4BFB-B3C1-E62F866279DF}.Debug|x86.Build.0 = Debug|Win32
		{0320FA22-237A-4BFB-B3C1-E62F866279DF}.Release|x64.ActiveCfg = Release|x64
		{0320FA22-237A-4BFB-B3C1-E62F866279DF}.Release|x64.Build.0 = Release|x64
		{0320FA22-237A-4BFB-B3C1-E62F866279DF}.Release|x86.ActiveCfg = Release|Win32
		{0320FA22-237A-4BFB-B3C1-E62F866279DF}.Release|x86.Build.0 = Release|Win32
		{26830BC9-5751-430F-8CF3-E366D7171DB7}.Debug|x64.ActiveCfg = Debug|x64
		{26830BC9-5751-430F-8CF3-E366D7171DB7}.Debug|x64.Build.0 = Debug|x64
		{26830BC9-5751-430F-8CF3-E366D7171DB7}.Debug|x86.ActiveCfg = Debug|Win32
		{26830BC9-5751-430F-8CF3-E366D7171DB7}.Debug|x86.Build.0 = Debug|Win32
		{26830BC9-5751-430F-8CF3-E366D7171DB7}.Release|x64.ActiveCfg = Release|x64
		{26830BC9-5751-430F-8CF3-E366D7171DB7}.Release|x64.Build.0 = Release|x64
		{26830BC9-5751-430F-8CF3-E366D7171DB7}.Release|x86.ActiveCfg = Release|Win32
		{26830BC9-5751-430F-8CF3-E366D7171DB7}.Release|x86.Build.0 = Release|Win32
		{022B7D63-3ED1-41A6-A7AC-5131A9B1122A}.Debug|x64.ActiveCfg = Debug|x64
		{022B7D63-3ED1-41A6-A7AC-5131A9B1122A}.Debug|x64.Build.0 = Debug|x64
		{022B7D63-3ED1-41A6-A7AC-5131A9B1122A}.Debug|x86.ActiveCfg = Debug|Win32
		{022B7D63-3ED1-41A6-A7AC-5131A9B1122A}.Debug|x86.Build.0 = Debug|Win32
		{022B7D63-3ED1-41A6-A7AC-5131A9B1122A}.Release|x64.ActiveCfg = Release|x64
		{022B7D63-3ED1-41A6-A7AC-5131A9B1122A}.Release|x64.Build.0 = Release|x64
		{022B7D63-3ED1-41A6-A7AC-5131A9B1122A}.Release|x86.ActiveCfg = Release|Win32
		{022B7D63-3ED1-41A6-A7AC-5131A9B1122A}.Release|x86.Build.0 = Release|Win32
	EndGlobalSection
	GlobalSection(SolutionProperties) = preSolution
		HideSolutionNode = FALSE
	EndGlobalSection
	GlobalSection(ExtensibilityGlobals) = postSolution
		SolutionGuid = {CE58E6B1-66F0-4080-BD9A-749F41E1720D}
	EndGlobalSection
EndGlobal
